// !$*UTF8*$!
{
	archiveVersion = 1;
	classes = {
	};
	objectVersion = 46;
	objects = {

/* Begin PBXBuildFile section */
		13042B791ACF03F5006DFFD2 /* TextCreationViewController.swift in Sources */ = {isa = PBXBuildFile; fileRef = 13042B781ACF03F5006DFFD2 /* TextCreationViewController.swift */; };
		13042B7D1ACF2D36006DFFD2 /* MomentsFeedViewController.swift in Sources */ = {isa = PBXBuildFile; fileRef = 13042B7C1ACF2D36006DFFD2 /* MomentsFeedViewController.swift */; };
		13042B7F1ACF2E75006DFFD2 /* FriendsListViewController.swift in Sources */ = {isa = PBXBuildFile; fileRef = 13042B7E1ACF2E75006DFFD2 /* FriendsListViewController.swift */; };
		13042B811AD21AD6006DFFD2 /* NavigationWrapperViewController.swift in Sources */ = {isa = PBXBuildFile; fileRef = 13042B801AD21AD6006DFFD2 /* NavigationWrapperViewController.swift */; };
		1305C34A1AE1BB0C008F7D13 /* RecipientsListViewController.swift in Sources */ = {isa = PBXBuildFile; fileRef = 1305C3491AE1BB0C008F7D13 /* RecipientsListViewController.swift */; };
		130DE66B1ACB0C32003676EC /* AppDelegate.swift in Sources */ = {isa = PBXBuildFile; fileRef = 130DE66A1ACB0C32003676EC /* AppDelegate.swift */; };
		130DE6741ACB0C32003676EC /* Main.storyboard in Resources */ = {isa = PBXBuildFile; fileRef = 130DE6721ACB0C32003676EC /* Main.storyboard */; };
		130DE6761ACB0C32003676EC /* Images.xcassets in Resources */ = {isa = PBXBuildFile; fileRef = 130DE6751ACB0C32003676EC /* Images.xcassets */; };
		130DE6791ACB0C32003676EC /* LaunchScreen.xib in Resources */ = {isa = PBXBuildFile; fileRef = 130DE6771ACB0C32003676EC /* LaunchScreen.xib */; };
		130DE6851ACB0C32003676EC /* InfiniteMomentTests.swift in Sources */ = {isa = PBXBuildFile; fileRef = 130DE6841ACB0C32003676EC /* InfiniteMomentTests.swift */; };
		130DE6911ACB839C003676EC /* LoginViewController.swift in Sources */ = {isa = PBXBuildFile; fileRef = 130DE6901ACB839C003676EC /* LoginViewController.swift */; };
		13F5798B1ACC506400308892 /* SignUpViewController.swift in Sources */ = {isa = PBXBuildFile; fileRef = 13F5798A1ACC506400308892 /* SignUpViewController.swift */; };
		13F579931ACDEA7100308892 /* PageViewController.swift in Sources */ = {isa = PBXBuildFile; fileRef = 13F579921ACDEA7100308892 /* PageViewController.swift */; };
		60F00CD193124B7DA950457B /* Pods.framework in Frameworks */ = {isa = PBXBuildFile; fileRef = 93A19B3BAABF79A51405C092 /* Pods.framework */; settings = {ATTRIBUTES = (Weak, ); }; };
/* End PBXBuildFile section */

/* Begin PBXContainerItemProxy section */
		130DE67F1ACB0C32003676EC /* PBXContainerItemProxy */ = {
			isa = PBXContainerItemProxy;
			containerPortal = 130DE65D1ACB0C32003676EC /* Project object */;
			proxyType = 1;
			remoteGlobalIDString = 130DE6641ACB0C32003676EC;
			remoteInfo = InfiniteMoment;
		};
/* End PBXContainerItemProxy section */

/* Begin PBXFileReference section */
		13042B781ACF03F5006DFFD2 /* TextCreationViewController.swift */ = {isa = PBXFileReference; fileEncoding = 4; lastKnownFileType = sourcecode.swift; path = TextCreationViewController.swift; sourceTree = "<group>"; };
		13042B7C1ACF2D36006DFFD2 /* MomentsFeedViewController.swift */ = {isa = PBXFileReference; fileEncoding = 4; lastKnownFileType = sourcecode.swift; path = MomentsFeedViewController.swift; sourceTree = "<group>"; };
		13042B7E1ACF2E75006DFFD2 /* FriendsListViewController.swift */ = {isa = PBXFileReference; fileEncoding = 4; lastKnownFileType = sourcecode.swift; path = FriendsListViewController.swift; sourceTree = "<group>"; };
		13042B801AD21AD6006DFFD2 /* NavigationWrapperViewController.swift */ = {isa = PBXFileReference; fileEncoding = 4; lastKnownFileType = sourcecode.swift; path = NavigationWrapperViewController.swift; sourceTree = "<group>"; };
		1305C3491AE1BB0C008F7D13 /* RecipientsListViewController.swift */ = {isa = PBXFileReference; fileEncoding = 4; lastKnownFileType = sourcecode.swift; path = RecipientsListViewController.swift; sourceTree = "<group>"; };
		130DE6651ACB0C32003676EC /* InfiniteMoment.app */ = {isa = PBXFileReference; explicitFileType = wrapper.application; includeInIndex = 0; path = InfiniteMoment.app; sourceTree = BUILT_PRODUCTS_DIR; };
		130DE6691ACB0C32003676EC /* Info.plist */ = {isa = PBXFileReference; lastKnownFileType = text.plist.xml; path = Info.plist; sourceTree = "<group>"; };
		130DE66A1ACB0C32003676EC /* AppDelegate.swift */ = {isa = PBXFileReference; lastKnownFileType = sourcecode.swift; path = AppDelegate.swift; sourceTree = "<group>"; };
		130DE6731ACB0C32003676EC /* Base */ = {isa = PBXFileReference; lastKnownFileType = file.storyboard; name = Base; path = Base.lproj/Main.storyboard; sourceTree = "<group>"; };
		130DE6751ACB0C32003676EC /* Images.xcassets */ = {isa = PBXFileReference; lastKnownFileType = folder.assetcatalog; path = Images.xcassets; sourceTree = "<group>"; };
		130DE6781ACB0C32003676EC /* Base */ = {isa = PBXFileReference; lastKnownFileType = file.xib; name = Base; path = Base.lproj/LaunchScreen.xib; sourceTree = "<group>"; };
		130DE67E1ACB0C32003676EC /* InfiniteMomentTests.xctest */ = {isa = PBXFileReference; explicitFileType = wrapper.cfbundle; includeInIndex = 0; path = InfiniteMomentTests.xctest; sourceTree = BUILT_PRODUCTS_DIR; };
		130DE6831ACB0C32003676EC /* Info.plist */ = {isa = PBXFileReference; lastKnownFileType = text.plist.xml; path = Info.plist; sourceTree = "<group>"; };
		130DE6841ACB0C32003676EC /* InfiniteMomentTests.swift */ = {isa = PBXFileReference; lastKnownFileType = sourcecode.swift; path = InfiniteMomentTests.swift; sourceTree = "<group>"; };
		130DE6901ACB839C003676EC /* LoginViewController.swift */ = {isa = PBXFileReference; fileEncoding = 4; lastKnownFileType = sourcecode.swift; name = LoginViewController.swift; path = ../LoginViewController.swift; sourceTree = "<group>"; };
		13F5798A1ACC506400308892 /* SignUpViewController.swift */ = {isa = PBXFileReference; fileEncoding = 4; lastKnownFileType = sourcecode.swift; path = SignUpViewController.swift; sourceTree = "<group>"; };
		13F579921ACDEA7100308892 /* PageViewController.swift */ = {isa = PBXFileReference; fileEncoding = 4; lastKnownFileType = sourcecode.swift; path = PageViewController.swift; sourceTree = "<group>"; };
		6066E8C2769A090963DF42F1 /* Pods.release.xcconfig */ = {isa = PBXFileReference; includeInIndex = 1; lastKnownFileType = text.xcconfig; name = Pods.release.xcconfig; path = "Pods/Target Support Files/Pods/Pods.release.xcconfig"; sourceTree = "<group>"; };
		93A19B3BAABF79A51405C092 /* Pods.framework */ = {isa = PBXFileReference; explicitFileType = wrapper.framework; includeInIndex = 0; path = Pods.framework; sourceTree = BUILT_PRODUCTS_DIR; };
		D426ACE26F5B4BA0B55AFEEB /* Pods.debug.xcconfig */ = {isa = PBXFileReference; includeInIndex = 1; lastKnownFileType = text.xcconfig; name = Pods.debug.xcconfig; path = "Pods/Target Support Files/Pods/Pods.debug.xcconfig"; sourceTree = "<group>"; };
/* End PBXFileReference section */

/* Begin PBXFrameworksBuildPhase section */
		130DE6621ACB0C32003676EC /* Frameworks */ = {
			isa = PBXFrameworksBuildPhase;
			buildActionMask = 2147483647;
			files = (
				60F00CD193124B7DA950457B /* Pods.framework in Frameworks */,
			);
			runOnlyForDeploymentPostprocessing = 0;
		};
		130DE67B1ACB0C32003676EC /* Frameworks */ = {
			isa = PBXFrameworksBuildPhase;
			buildActionMask = 2147483647;
			files = (
			);
			runOnlyForDeploymentPostprocessing = 0;
		};
/* End PBXFrameworksBuildPhase section */

/* Begin PBXGroup section */
		130DE65C1ACB0C32003676EC = {
			isa = PBXGroup;
			children = (
				130DE6721ACB0C32003676EC /* Main.storyboard */,
				130DE6671ACB0C32003676EC /* InfiniteMoment */,
				130DE6811ACB0C32003676EC /* InfiniteMomentTests */,
				130DE6661ACB0C32003676EC /* Products */,
				3570EAE30F8406F8413087A9 /* Frameworks */,
				48EA5AF0B19B8138E1AA548B /* Pods */,
			);
			sourceTree = "<group>";
		};
		130DE6661ACB0C32003676EC /* Products */ = {
			isa = PBXGroup;
			children = (
				130DE6651ACB0C32003676EC /* InfiniteMoment.app */,
				130DE67E1ACB0C32003676EC /* InfiniteMomentTests.xctest */,
			);
			name = Products;
			sourceTree = "<group>";
		};
		130DE6671ACB0C32003676EC /* InfiniteMoment */ = {
			isa = PBXGroup;
			children = (
				130DE66A1ACB0C32003676EC /* AppDelegate.swift */,
				13042B7E1ACF2E75006DFFD2 /* FriendsListViewController.swift */,
				130DE6901ACB839C003676EC /* LoginViewController.swift */,
				13042B7C1ACF2D36006DFFD2 /* MomentsFeedViewController.swift */,
				13042B801AD21AD6006DFFD2 /* NavigationWrapperViewController.swift */,
				13F579921ACDEA7100308892 /* PageViewController.swift */,
				1305C3491AE1BB0C008F7D13 /* RecipientsListViewController.swift */,
				13F5798A1ACC506400308892 /* SignUpViewController.swift */,
				13042B781ACF03F5006DFFD2 /* TextCreationViewController.swift */,
				130DE6751ACB0C32003676EC /* Images.xcassets */,
				130DE6771ACB0C32003676EC /* LaunchScreen.xib */,
				130DE6681ACB0C32003676EC /* Supporting Files */,
			);
			path = InfiniteMoment;
			sourceTree = "<group>";
		};
		130DE6681ACB0C32003676EC /* Supporting Files */ = {
			isa = PBXGroup;
			children = (
				130DE6691ACB0C32003676EC /* Info.plist */,
			);
			name = "Supporting Files";
			sourceTree = "<group>";
		};
		130DE6811ACB0C32003676EC /* InfiniteMomentTests */ = {
			isa = PBXGroup;
			children = (
				130DE6841ACB0C32003676EC /* InfiniteMomentTests.swift */,
				130DE6821ACB0C32003676EC /* Supporting Files */,
			);
			path = InfiniteMomentTests;
			sourceTree = "<group>";
		};
		130DE6821ACB0C32003676EC /* Supporting Files */ = {
			isa = PBXGroup;
			children = (
				130DE6831ACB0C32003676EC /* Info.plist */,
			);
			name = "Supporting Files";
			sourceTree = "<group>";
		};
		3570EAE30F8406F8413087A9 /* Frameworks */ = {
			isa = PBXGroup;
			children = (
				93A19B3BAABF79A51405C092 /* Pods.framework */,
			);
			name = Frameworks;
			sourceTree = "<group>";
		};
		48EA5AF0B19B8138E1AA548B /* Pods */ = {
			isa = PBXGroup;
			children = (
				D426ACE26F5B4BA0B55AFEEB /* Pods.debug.xcconfig */,
				6066E8C2769A090963DF42F1 /* Pods.release.xcconfig */,
			);
			name = Pods;
			sourceTree = "<group>";
		};
/* End PBXGroup section */

/* Begin PBXNativeTarget section */
		130DE6641ACB0C32003676EC /* InfiniteMoment */ = {
			isa = PBXNativeTarget;
			buildConfigurationList = 130DE6881ACB0C32003676EC /* Build configuration list for PBXNativeTarget "InfiniteMoment" */;
			buildPhases = (
				A6D2F2E70C5D7F865714F55E /* Check Pods Manifest.lock */,
				130DE6611ACB0C32003676EC /* Sources */,
				130DE6621ACB0C32003676EC /* Frameworks */,
				130DE6631ACB0C32003676EC /* Resources */,
				DFC51E4384851F91B1C6F459 /* Embed Pods Frameworks */,
				C67E57DE10CD5601E9BC7CDD /* Copy Pods Resources */,
			);
			buildRules = (
			);
			dependencies = (
			);
			name = InfiniteMoment;
			productName = InfiniteMoment;
			productReference = 130DE6651ACB0C32003676EC /* InfiniteMoment.app */;
			productType = "com.apple.product-type.application";
		};
		130DE67D1ACB0C32003676EC /* InfiniteMomentTests */ = {
			isa = PBXNativeTarget;
			buildConfigurationList = 130DE68B1ACB0C32003676EC /* Build configuration list for PBXNativeTarget "InfiniteMomentTests" */;
			buildPhases = (
				130DE67A1ACB0C32003676EC /* Sources */,
				130DE67B1ACB0C32003676EC /* Frameworks */,
				130DE67C1ACB0C32003676EC /* Resources */,
			);
			buildRules = (
			);
			dependencies = (
				130DE6801ACB0C32003676EC /* PBXTargetDependency */,
			);
			name = InfiniteMomentTests;
			productName = InfiniteMomentTests;
			productReference = 130DE67E1ACB0C32003676EC /* InfiniteMomentTests.xctest */;
			productType = "com.apple.product-type.bundle.unit-test";
		};
/* End PBXNativeTarget section */

/* Begin PBXProject section */
		130DE65D1ACB0C32003676EC /* Project object */ = {
			isa = PBXProject;
			attributes = {
				LastUpgradeCheck = 0620;
				ORGANIZATIONNAME = "Infinite Moment LLC";
				TargetAttributes = {
					130DE6641ACB0C32003676EC = {
						CreatedOnToolsVersion = 6.2;
						DevelopmentTeam = PB5NC8BPJ6;
					};
					130DE67D1ACB0C32003676EC = {
						CreatedOnToolsVersion = 6.2;
						TestTargetID = 130DE6641ACB0C32003676EC;
					};
				};
			};
			buildConfigurationList = 130DE6601ACB0C32003676EC /* Build configuration list for PBXProject "InfiniteMoment" */;
			compatibilityVersion = "Xcode 3.2";
			developmentRegion = English;
			hasScannedForEncodings = 0;
			knownRegions = (
				en,
				Base,
			);
			mainGroup = 130DE65C1ACB0C32003676EC;
			productRefGroup = 130DE6661ACB0C32003676EC /* Products */;
			projectDirPath = "";
			projectRoot = "";
			targets = (
				130DE6641ACB0C32003676EC /* InfiniteMoment */,
				130DE67D1ACB0C32003676EC /* InfiniteMomentTests */,
			);
		};
/* End PBXProject section */

/* Begin PBXResourcesBuildPhase section */
		130DE6631ACB0C32003676EC /* Resources */ = {
			isa = PBXResourcesBuildPhase;
			buildActionMask = 2147483647;
			files = (
				130DE6741ACB0C32003676EC /* Main.storyboard in Resources */,
				130DE6791ACB0C32003676EC /* LaunchScreen.xib in Resources */,
				130DE6761ACB0C32003676EC /* Images.xcassets in Resources */,
			);
			runOnlyForDeploymentPostprocessing = 0;
		};
		130DE67C1ACB0C32003676EC /* Resources */ = {
			isa = PBXResourcesBuildPhase;
			buildActionMask = 2147483647;
			files = (
			);
			runOnlyForDeploymentPostprocessing = 0;
		};
/* End PBXResourcesBuildPhase section */

/* Begin PBXShellScriptBuildPhase section */
		A6D2F2E70C5D7F865714F55E /* Check Pods Manifest.lock */ = {
			isa = PBXShellScriptBuildPhase;
			buildActionMask = 2147483647;
			files = (
			);
			inputPaths = (
			);
			name = "Check Pods Manifest.lock";
			outputPaths = (
			);
			runOnlyForDeploymentPostprocessing = 0;
			shellPath = /bin/sh;
			shellScript = "diff \"${PODS_ROOT}/../Podfile.lock\" \"${PODS_ROOT}/Manifest.lock\" > /dev/null\nif [[ $? != 0 ]] ; then\n    cat << EOM\nerror: The sandbox is not in sync with the Podfile.lock. Run 'pod install' or update your CocoaPods installation.\nEOM\n    exit 1\nfi\n";
			showEnvVarsInLog = 0;
		};
		C67E57DE10CD5601E9BC7CDD /* Copy Pods Resources */ = {
			isa = PBXShellScriptBuildPhase;
			buildActionMask = 2147483647;
			files = (
			);
			inputPaths = (
			);
			name = "Copy Pods Resources";
			outputPaths = (
			);
			runOnlyForDeploymentPostprocessing = 0;
			shellPath = /bin/sh;
			shellScript = "\"${SRCROOT}/Pods/Target Support Files/Pods/Pods-resources.sh\"\n";
			showEnvVarsInLog = 0;
		};
		DFC51E4384851F91B1C6F459 /* Embed Pods Frameworks */ = {
			isa = PBXShellScriptBuildPhase;
			buildActionMask = 2147483647;
			files = (
			);
			inputPaths = (
			);
			name = "Embed Pods Frameworks";
			outputPaths = (
			);
			runOnlyForDeploymentPostprocessing = 0;
			shellPath = /bin/sh;
			shellScript = "\"${SRCROOT}/Pods/Target Support Files/Pods/Pods-frameworks.sh\"\n";
			showEnvVarsInLog = 0;
		};
/* End PBXShellScriptBuildPhase section */

/* Begin PBXSourcesBuildPhase section */
		130DE6611ACB0C32003676EC /* Sources */ = {
			isa = PBXSourcesBuildPhase;
			buildActionMask = 2147483647;
			files = (
				13042B811AD21AD6006DFFD2 /* NavigationWrapperViewController.swift in Sources */,
				1305C34A1AE1BB0C008F7D13 /* RecipientsListViewController.swift in Sources */,
				13042B791ACF03F5006DFFD2 /* TextCreationViewController.swift in Sources */,
				13F5798B1ACC506400308892 /* SignUpViewController.swift in Sources */,
				13042B7F1ACF2E75006DFFD2 /* FriendsListViewController.swift in Sources */,
				13F579931ACDEA7100308892 /* PageViewController.swift in Sources */,
				130DE6911ACB839C003676EC /* LoginViewController.swift in Sources */,
				13042B7D1ACF2D36006DFFD2 /* MomentsFeedViewController.swift in Sources */,
				130DE66B1ACB0C32003676EC /* AppDelegate.swift in Sources */,
			);
			runOnlyForDeploymentPostprocessing = 0;
		};
		130DE67A1ACB0C32003676EC /* Sources */ = {
			isa = PBXSourcesBuildPhase;
			buildActionMask = 2147483647;
			files = (
				130DE6851ACB0C32003676EC /* InfiniteMomentTests.swift in Sources */,
			);
			runOnlyForDeploymentPostprocessing = 0;
		};
/* End PBXSourcesBuildPhase section */

/* Begin PBXTargetDependency section */
		130DE6801ACB0C32003676EC /* PBXTargetDependency */ = {
			isa = PBXTargetDependency;
			target = 130DE6641ACB0C32003676EC /* InfiniteMoment */;
			targetProxy = 130DE67F1ACB0C32003676EC /* PBXContainerItemProxy */;
		};
/* End PBXTargetDependency section */

/* Begin PBXVariantGroup section */
		130DE6721ACB0C32003676EC /* Main.storyboard */ = {
			isa = PBXVariantGroup;
			children = (
				130DE6731ACB0C32003676EC /* Base */,
			);
			name = Main.storyboard;
			path = InfiniteMoment;
			sourceTree = "<group>";
		};
		130DE6771ACB0C32003676EC /* LaunchScreen.xib */ = {
			isa = PBXVariantGroup;
			children = (
				130DE6781ACB0C32003676EC /* Base */,
			);
			name = LaunchScreen.xib;
			sourceTree = "<group>";
		};
/* End PBXVariantGroup section */

/* Begin XCBuildConfiguration section */
		130DE6861ACB0C32003676EC /* Debug */ = {
			isa = XCBuildConfiguration;
			buildSettings = {
				ALWAYS_SEARCH_USER_PATHS = NO;
				CLANG_CXX_LANGUAGE_STANDARD = "gnu++0x";
				CLANG_CXX_LIBRARY = "libc++";
				CLANG_ENABLE_MODULES = YES;
				CLANG_ENABLE_OBJC_ARC = YES;
				CLANG_WARN_BOOL_CONVERSION = YES;
				CLANG_WARN_CONSTANT_CONVERSION = YES;
				CLANG_WARN_DIRECT_OBJC_ISA_USAGE = YES_ERROR;
				CLANG_WARN_EMPTY_BODY = YES;
				CLANG_WARN_ENUM_CONVERSION = YES;
				CLANG_WARN_INT_CONVERSION = YES;
				CLANG_WARN_OBJC_ROOT_CLASS = YES_ERROR;
				CLANG_WARN_UNREACHABLE_CODE = YES;
				CLANG_WARN__DUPLICATE_METHOD_MATCH = YES;
				"CODE_SIGN_IDENTITY[sdk=iphoneos*]" = "iPhone Developer";
				COPY_PHASE_STRIP = NO;
				ENABLE_STRICT_OBJC_MSGSEND = YES;
				GCC_C_LANGUAGE_STANDARD = gnu99;
				GCC_DYNAMIC_NO_PIC = NO;
				GCC_OPTIMIZATION_LEVEL = 0;
				GCC_PREPROCESSOR_DEFINITIONS = (
					"DEBUG=1",
					"$(inherited)",
				);
				GCC_SYMBOLS_PRIVATE_EXTERN = NO;
				GCC_WARN_64_TO_32_BIT_CONVERSION = YES;
				GCC_WARN_ABOUT_RETURN_TYPE = YES_ERROR;
				GCC_WARN_UNDECLARED_SELECTOR = YES;
				GCC_WARN_UNINITIALIZED_AUTOS = YES_AGGRESSIVE;
				GCC_WARN_UNUSED_FUNCTION = YES;
				GCC_WARN_UNUSED_VARIABLE = YES;
				IPHONEOS_DEPLOYMENT_TARGET = 8.2;
				MTL_ENABLE_DEBUG_INFO = YES;
				ONLY_ACTIVE_ARCH = YES;
				SDKROOT = iphoneos;
				SWIFT_OPTIMIZATION_LEVEL = "-Onone";
			};
			name = Debug;
		};
		130DE6871ACB0C32003676EC /* Release */ = {
			isa = XCBuildConfiguration;
			buildSettings = {
				ALWAYS_SEARCH_USER_PATHS = NO;
				CLANG_CXX_LANGUAGE_STANDARD = "gnu++0x";
				CLANG_CXX_LIBRARY = "libc++";
				CLANG_ENABLE_MODULES = YES;
				CLANG_ENABLE_OBJC_ARC = YES;
				CLANG_WARN_BOOL_CONVERSION = YES;
				CLANG_WARN_CONSTANT_CONVERSION = YES;
				CLANG_WARN_DIRECT_OBJC_ISA_USAGE = YES_ERROR;
				CLANG_WARN_EMPTY_BODY = YES;
				CLANG_WARN_ENUM_CONVERSION = YES;
				CLANG_WARN_INT_CONVERSION = YES;
				CLANG_WARN_OBJC_ROOT_CLASS = YES_ERROR;
				CLANG_WARN_UNREACHABLE_CODE = YES;
				CLANG_WARN__DUPLICATE_METHOD_MATCH = YES;
				"CODE_SIGN_IDENTITY[sdk=iphoneos*]" = "iPhone Developer";
				COPY_PHASE_STRIP = NO;
				ENABLE_NS_ASSERTIONS = NO;
				ENABLE_STRICT_OBJC_MSGSEND = YES;
				GCC_C_LANGUAGE_STANDARD = gnu99;
				GCC_WARN_64_TO_32_BIT_CONVERSION = YES;
				GCC_WARN_ABOUT_RETURN_TYPE = YES_ERROR;
				GCC_WARN_UNDECLARED_SELECTOR = YES;
				GCC_WARN_UNINITIALIZED_AUTOS = YES_AGGRESSIVE;
				GCC_WARN_UNUSED_FUNCTION = YES;
				GCC_WARN_UNUSED_VARIABLE = YES;
				IPHONEOS_DEPLOYMENT_TARGET = 8.2;
				MTL_ENABLE_DEBUG_INFO = NO;
				SDKROOT = iphoneos;
				VALIDATE_PRODUCT = YES;
			};
			name = Release;
		};
		130DE6891ACB0C32003676EC /* Debug */ = {
			isa = XCBuildConfiguration;
			baseConfigurationReference = D426ACE26F5B4BA0B55AFEEB /* Pods.debug.xcconfig */;
			buildSettings = {
				ASSETCATALOG_COMPILER_APPICON_NAME = AppIcon;
				CODE_SIGN_IDENTITY = "iPhone Developer";
				"CODE_SIGN_IDENTITY[sdk=iphoneos*]" = "iPhone Developer";
				INFOPLIST_FILE = InfiniteMoment/Info.plist;
				IPHONEOS_DEPLOYMENT_TARGET = 8.1;
				LD_RUNPATH_SEARCH_PATHS = "$(inherited) @executable_path/Frameworks";
				PRODUCT_NAME = "$(TARGET_NAME)";
				PROVISIONING_PROFILE = "";
			};
			name = Debug;
		};
		130DE68A1ACB0C32003676EC /* Release */ = {
			isa = XCBuildConfiguration;
			baseConfigurationReference = 6066E8C2769A090963DF42F1 /* Pods.release.xcconfig */;
			buildSettings = {
				ASSETCATALOG_COMPILER_APPICON_NAME = AppIcon;
				CODE_SIGN_IDENTITY = "iPhone Developer";
				"CODE_SIGN_IDENTITY[sdk=iphoneos*]" = "iPhone Developer";
				INFOPLIST_FILE = InfiniteMoment/Info.plist;
				IPHONEOS_DEPLOYMENT_TARGET = 8.1;
				LD_RUNPATH_SEARCH_PATHS = "$(inherited) @executable_path/Frameworks";
				PRODUCT_NAME = "$(TARGET_NAME)";
				PROVISIONING_PROFILE = "";
			};
			name = Release;
		};
		130DE68C1ACB0C32003676EC /* Debug */ = {
			isa = XCBuildConfiguration;
			buildSettings = {
				BUNDLE_LOADER = "$(TEST_HOST)";
				FRAMEWORK_SEARCH_PATHS = (
					"$(SDKROOT)/Developer/Library/Frameworks",
					"$(inherited)",
				);
				GCC_PREPROCESSOR_DEFINITIONS = (
					"DEBUG=1",
					"$(inherited)",
				);
				INFOPLIST_FILE = InfiniteMomentTests/Info.plist;
				LD_RUNPATH_SEARCH_PATHS = "$(inherited) @executable_path/Frameworks @loader_path/Frameworks";
				PRODUCT_NAME = "$(TARGET_NAME)";
				TEST_HOST = "$(BUILT_PRODUCTS_DIR)/InfiniteMoment.app/InfiniteMoment";
			};
			name = Debug;
		};
		130DE68D1ACB0C32003676EC /* Release */ = {
			isa = XCBuildConfiguration;
			buildSettings = {
				BUNDLE_LOADER = "$(TEST_HOST)";
				FRAMEWORK_SEARCH_PATHS = (
					"$(SDKROOT)/Developer/Library/Frameworks",
					"$(inherited)",
				);
				INFOPLIST_FILE = InfiniteMomentTests/Info.plist;
				LD_RUNPATH_SEARCH_PATHS = "$(inherited) @executable_path/Frameworks @loader_path/Frameworks";
				PRODUCT_NAME = "$(TARGET_NAME)";
				TEST_HOST = "$(BUILT_PRODUCTS_DIR)/InfiniteMoment.app/InfiniteMoment";
			};
			name = Release;
		};
/* End XCBuildConfiguration section */

/* Begin XCConfigurationList section */
		130DE6601ACB0C32003676EC /* Build configuration list for PBXProject "InfiniteMoment" */ = {
			isa = XCConfigurationList;
			buildConfigurations = (
				130DE6861ACB0C32003676EC /* Debug */,
				130DE6871ACB0C32003676EC /* Release */,
			);
			defaultConfigurationIsVisible = 0;
			defaultConfigurationName = Release;
		};
		130DE6881ACB0C32003676EC /* Build configuration list for PBXNativeTarget "InfiniteMoment" */ = {
			isa = XCConfigurationList;
			buildConfigurations = (
				130DE6891ACB0C32003676EC /* Debug */,
				130DE68A1ACB0C32003676EC /* Release */,
			);
			defaultConfigurationIsVisible = 0;
			defaultConfigurationName = Release;
		};
		130DE68B1ACB0C32003676EC /* Build configuration list for PBXNativeTarget "InfiniteMomentTests" */ = {
			isa = XCConfigurationList;
			buildConfigurations = (
				130DE68C1ACB0C32003676EC /* Debug */,
				130DE68D1ACB0C32003676EC /* Release */,
			);
			defaultConfigurationIsVisible = 0;
			defaultConfigurationName = Release;
		};
/* End XCConfigurationList section */
	};
	rootObject = 130DE65D1ACB0C32003676EC /* Project object */;
}
